
Microsoft Visual Studio Solution File, Format Version 12.00
# Visual Studio Version 16
VisualStudioVersion = 16.0.31911.196
MinimumVisualStudioVersion = 10.0.40219.1
Project("{9A19103F-16F7-4668-BE54-9A1E7A4F7556}") = "Entities", "Entities\Entities.csproj", "{B4B40D3D-6E62-42D8-8F8D-DA3B7BD65264}"
EndProject
Project("{9A19103F-16F7-4668-BE54-9A1E7A4F7556}") = "DataAccess", "DataAccess\DataAccess.csproj", "{F356298D-234D-45C1-B510-BF55FCDC3989}"
EndProject
Project("{9A19103F-16F7-4668-BE54-9A1E7A4F7556}") = "Core", "Core\Core.csproj", "{44F32535-4EF4-43A3-824C-60F9844495DE}"
EndProject
Project("{9A19103F-16F7-4668-BE54-9A1E7A4F7556}") = "Business", "Business\Business.csproj", "{A7E00D4F-4D91-4B50-BFFC-D109AE17CE26}"
EndProject
Project("{9A19103F-16F7-4668-BE54-9A1E7A4F7556}") = "ConsoleUI", "ConsoleUI\ConsoleUI.csproj", "{E5F2B5AD-1CE4-48E3-8690-2A5CD1029B2A}"
EndProject
Project("{FAE04EC0-301F-11D3-BF4B-00C04F79EFBC}") = "WebAPI", "WebAPI\WebAPI.csproj", "{2EFBA547-4354-4154-A2BD-9143730C190A}"
EndProject
Global
	GlobalSection(SolutionConfigurationPlatforms) = preSolution
		Debug|Any CPU = Debug|Any CPU
		Release|Any CPU = Release|Any CPU
	EndGlobalSection
	GlobalSection(ProjectConfigurationPlatforms) = postSolution
		{B4B40D3D-6E62-42D8-8F8D-DA3B7BD65264}.Debug|Any CPU.ActiveCfg = Debug|Any CPU
		{B4B40D3D-6E62-42D8-8F8D-DA3B7BD65264}.Debug|Any CPU.Build.0 = Debug|Any CPU
		{B4B40D3D-6E62-42D8-8F8D-DA3B7BD65264}.Release|Any CPU.ActiveCfg = Release|Any CPU
		{B4B40D3D-6E62-42D8-8F8D-DA3B7BD65264}.Release|Any CPU.Build.0 = Release|Any CPU
		{F356298D-234D-45C1-B510-BF55FCDC3989}.Debug|Any CPU.ActiveCfg = Debug|Any CPU
		{F356298D-234D-45C1-B510-BF55FCDC3989}.Debug|Any CPU.Build.0 = Debug|Any CPU
		{F356298D-234D-45C1-B510-BF55FCDC3989}.Release|Any CPU.ActiveCfg = Release|Any CPU
		{F356298D-234D-45C1-B510-BF55FCDC3989}.Release|Any CPU.Build.0 = Release|Any CPU
		{44F32535-4EF4-43A3-824C-60F9844495DE}.Debug|Any CPU.ActiveCfg = Debug|Any CPU
		{44F32535-4EF4-43A3-824C-60F9844495DE}.Debug|Any CPU.Build.0 = Debug|Any CPU
		{44F32535-4EF4-43A3-824C-60F9844495DE}.Release|Any CPU.ActiveCfg = Release|Any CPU
		{44F32535-4EF4-43A3-824C-60F9844495DE}.Release|Any CPU.Build.0 = Release|Any CPU
		{A7E00D4F-4D91-4B50-BFFC-D109AE17CE26}.Debug|Any CPU.ActiveCfg = Debug|Any CPU
		{A7E00D4F-4D91-4B50-BFFC-D109AE17CE26}.Debug|Any CPU.Build.0 = Debug|Any CPU
		{A7E00D4F-4D91-4B50-BFFC-D109AE17CE26}.Release|Any CPU.ActiveCfg = Release|Any CPU
		{A7E00D4F-4D91-4B50-BFFC-D109AE17CE26}.Release|Any CPU.Build.0 = Release|Any CPU
		{E5F2B5AD-1CE4-48E3-8690-2A5CD1029B2A}.Debug|Any CPU.ActiveCfg = Debug|Any CPU
		{E5F2B5AD-1CE4-48E3-8690-2A5CD1029B2A}.Debug|Any CPU.Build.0 = Debug|Any CPU
		{E5F2B5AD-1CE4-48E3-8690-2A5CD1029B2A}.Release|Any CPU.ActiveCfg = Release|Any CPU
		{E5F2B5AD-1CE4-48E3-8690-2A5CD1029B2A}.Release|Any CPU.Build.0 = Release|Any CPU
		{2EFBA547-4354-4154-A2BD-9143730C190A}.Debug|Any CPU.ActiveCfg = Debug|Any CPU
		{2EFBA547-4354-4154-A2BD-9143730C190A}.Debug|Any CPU.Build.0 = Debug|Any CPU
		{2EFBA547-4354-4154-A2BD-9143730C190A}.Release|Any CPU.ActiveCfg = Release|Any CPU
		{2EFBA547-4354-4154-A2BD-9143730C190A}.Release|Any CPU.Build.0 = Release|Any CPU
	EndGlobalSection
	GlobalSection(SolutionProperties) = preSolution
		HideSolutionNode = FALSE
	EndGlobalSection
	GlobalSection(ExtensibilityGlobals) = postSolution
		SolutionGuid = {8C9199D7-7F7B-4DAD-8D41-AB43203BB636}
	EndGlobalSection
EndGlobal
